
Microsoft Visual Studio Solution File, Format Version 12.00
# Visual Studio Version 17
VisualStudioVersion = 17.7.34018.315
MinimumVisualStudioVersion = 10.0.40219.1
Project("{8BC9CEB8-8B4A-11D0-8D11-00A0C91BC942}") = "Dishwasher", "Dishwasher\Dishwasher.vcxproj", "{2AE7D0BB-053E-4851-8906-C8966CB55417}"
EndProject
Project("{8BC9CEB8-8B4A-11D0-8D11-00A0C91BC942}") = "ReportSystem", "ReportSystem\ReportSystem.vcxproj", "{81E78183-01F1-428C-B458-187CC51E7415}"
EndProject
Project("{8BC9CEB8-8B4A-11D0-8D11-00A0C91BC942}") = "StreamOfLetters", "StreamOfLetters\StreamOfLetters.vcxproj", "{99B9ABEE-4B2F-4F49-857A-810530CA7EA1}"
EndProject
Global
	GlobalSection(SolutionConfigurationPlatforms) = preSolution
		Debug|x64 = Debug|x64
		Debug|x86 = Debug|x86
		Release|x64 = Release|x64
		Release|x86 = Release|x86
	EndGlobalSection
	GlobalSection(ProjectConfigurationPlatforms) = postSolution
		{2AE7D0BB-053E-4851-8906-C8966CB55417}.Debug|x64.ActiveCfg = Debug|x64
		{2AE7D0BB-053E-4851-8906-C8966CB55417}.Debug|x64.Build.0 = Debug|x64
		{2AE7D0BB-053E-4851-8906-C8966CB55417}.Debug|x86.ActiveCfg = Debug|Win32
		{2AE7D0BB-053E-4851-8906-C8966CB55417}.Debug|x86.Build.0 = Debug|Win32
		{2AE7D0BB-053E-4851-8906-C8966CB55417}.Release|x64.ActiveCfg = Release|x64
		{2AE7D0BB-053E-4851-8906-C8966CB55417}.Release|x64.Build.0 = Release|x64
		{2AE7D0BB-053E-4851-8906-C8966CB55417}.Release|x86.ActiveCfg = Release|Win32
		{2AE7D0BB-053E-4851-8906-C8966CB55417}.Release|x86.Build.0 = Release|Win32
		{81E78183-01F1-428C-B458-187CC51E7415}.Debug|x64.ActiveCfg = Debug|x64
		{81E78183-01F1-428C-B458-187CC51E7415}.Debug|x64.Build.0 = Debug|x64
		{81E78183-01F1-428C-B458-187CC51E7415}.Debug|x86.ActiveCfg = Debug|Win32
		{81E78183-01F1-428C-B458-187CC51E7415}.Debug|x86.Build.0 = Debug|Win32
		{81E78183-01F1-428C-B458-187CC51E7415}.Release|x64.ActiveCfg = Release|x64
		{81E78183-01F1-428C-B458-187CC51E7415}.Release|x64.Build.0 = Release|x64
		{81E78183-01F1-428C-B458-187CC51E7415}.Release|x86.ActiveCfg = Release|Win32
		{81E78183-01F1-428C-B458-187CC51E7415}.Release|x86.Build.0 = Release|Win32
		{99B9ABEE-4B2F-4F49-857A-810530CA7EA1}.Debug|x64.ActiveCfg = Debug|x64
		{99B9ABEE-4B2F-4F49-857A-810530CA7EA1}.Debug|x64.Build.0 = Debug|x64
		{99B9ABEE-4B2F-4F49-857A-810530CA7EA1}.Debug|x86.ActiveCfg = Debug|Win32
		{99B9ABEE-4B2F-4F49-857A-810530CA7EA1}.Debug|x86.Build.0 = Debug|Win32
		{99B9ABEE-4B2F-4F49-857A-810530CA7EA1}.Release|x64.ActiveCfg = Release|x64
		{99B9ABEE-4B2F-4F49-857A-810530CA7EA1}.Release|x64.Build.0 = Release|x64
		{99B9ABEE-4B2F-4F49-857A-810530CA7EA1}.Release|x86.ActiveCfg = Release|Win32
		{99B9ABEE-4B2F-4F49-857A-810530CA7EA1}.Release|x86.Build.0 = Release|Win32
	EndGlobalSection
	GlobalSection(SolutionProperties) = preSolution
		HideSolutionNode = FALSE
	EndGlobalSection
	GlobalSection(ExtensibilityGlobals) = postSolution
		SolutionGuid = {78766FB7-FE1A-4A19-8BC3-6360FEA7765A}
	EndGlobalSection
EndGlobal
